// !$*UTF8*$!
{
	archiveVersion = 1;
	classes = {
	};
	objectVersion = 56;
	objects = {

/* Begin PBXBuildFile section */
		2B0576032B61B8BD00681FA0 /* LeadStatus.swift in Sources */ = {isa = PBXBuildFile; fileRef = 2B0576022B61B8BD00681FA0 /* LeadStatus.swift */; };
		2B06D2E32B69749D00B401FB /* CustomTextView.swift in Sources */ = {isa = PBXBuildFile; fileRef = 2B06D2E22B69749D00B401FB /* CustomTextView.swift */; };
		2B06E8AF2BA3D0FE001C138F /* TestGitHUB.swift in Sources */ = {isa = PBXBuildFile; fileRef = 2B06E8AE2BA3D0FE001C138F /* TestGitHUB.swift */; };
		2B0F54152B9CB65400AEEAE3 /* UnknowJson.swift in Sources */ = {isa = PBXBuildFile; fileRef = 2B0F54142B9CB65400AEEAE3 /* UnknowJson.swift */; };
		2B0F54172B9CE07D00AEEAE3 /* PrettyPrint.swift in Sources */ = {isa = PBXBuildFile; fileRef = 2B0F54162B9CE07D00AEEAE3 /* PrettyPrint.swift */; };
		2B0FB8652B758AC0005FD5A8 /* AddressViewModel.swift in Sources */ = {isa = PBXBuildFile; fileRef = 2B0FB8642B758AC0005FD5A8 /* AddressViewModel.swift */; };
		2B0FB8672B758B1C005FD5A8 /* AddressViewPrevies.swift in Sources */ = {isa = PBXBuildFile; fileRef = 2B0FB8662B758B1C005FD5A8 /* AddressViewPrevies.swift */; };
		2B17FAC92B7D820200445990 /* GoogleMaps.xcframework in Frameworks */ = {isa = PBXBuildFile; fileRef = 2B17FAC62B7D820200445990 /* GoogleMaps.xcframework */; };
		2B17FACA2B7D820300445990 /* GoogleMapsBase.xcframework in Frameworks */ = {isa = PBXBuildFile; fileRef = 2B17FAC72B7D820200445990 /* GoogleMapsBase.xcframework */; };
		2B17FACB2B7D820300445990 /* GoogleMapsCore.xcframework in Frameworks */ = {isa = PBXBuildFile; fileRef = 2B17FAC82B7D820200445990 /* GoogleMapsCore.xcframework */; };
		2B1CB9262B6540A7003CE11A /* UIViewTest.swift in Sources */ = {isa = PBXBuildFile; fileRef = 2B1CB9252B6540A7003CE11A /* UIViewTest.swift */; };
		2B1CB9292B657422003CE11A /* LeadModel.swift in Sources */ = {isa = PBXBuildFile; fileRef = 2B1CB9282B657422003CE11A /* LeadModel.swift */; };
		2B217BFE2BABA7EC0055F1D4 /* LeadsManager.swift in Sources */ = {isa = PBXBuildFile; fileRef = 2B217BFD2BABA7EC0055F1D4 /* LeadsManager.swift */; };
		2B3502392B97A10E00190FAC /* PhoneView.swift in Sources */ = {isa = PBXBuildFile; fileRef = 2B3502382B97A10E00190FAC /* PhoneView.swift */; };
		2B3697EC2B87EDDE008B339B /* SnackbarView.swift in Sources */ = {isa = PBXBuildFile; fileRef = 2B3697EB2B87EDDE008B339B /* SnackbarView.swift */; };
		2B3A2C052B782596003EED04 /* LeadList.swift in Sources */ = {isa = PBXBuildFile; fileRef = 2B3A2C042B782596003EED04 /* LeadList.swift */; };
		2B3BFC002B5C1F3C00069F99 /* ProfileManager.swift in Sources */ = {isa = PBXBuildFile; fileRef = 2B3BFBFF2B5C1F3C00069F99 /* ProfileManager.swift */; };
		2B3F34B02BA21A2E00BAF52D /* AppointmentManager.swift in Sources */ = {isa = PBXBuildFile; fileRef = 2B3F34AF2BA21A2E00BAF52D /* AppointmentManager.swift */; };
		2B3F34B42BA21F2800BAF52D /* AppointmentList.swift in Sources */ = {isa = PBXBuildFile; fileRef = 2B3F34B32BA21F2800BAF52D /* AppointmentList.swift */; };
		2B3F34B62BA2448600BAF52D /* CalendarView.swift in Sources */ = {isa = PBXBuildFile; fileRef = 2B3F34B52BA2448600BAF52D /* CalendarView.swift */; };
		2B4713152B84213B0020D66F /* Draw.swift in Sources */ = {isa = PBXBuildFile; fileRef = 2B4713142B84213B0020D66F /* Draw.swift */; };
		2B4713172B842D9D0020D66F /* testUI.swift in Sources */ = {isa = PBXBuildFile; fileRef = 2B4713162B842D9D0020D66F /* testUI.swift */; };
		2B526FA32B7CFCDC0024A578 /* MainAppScreen.swift in Sources */ = {isa = PBXBuildFile; fileRef = 2B526FA22B7CFCDC0024A578 /* MainAppScreen.swift */; };
		2B526FA72B7D2A740024A578 /* UserModel.swift in Sources */ = {isa = PBXBuildFile; fileRef = 2B526FA62B7D2A740024A578 /* UserModel.swift */; };
		2B54BACE2B9E2E7400733E90 /* LoginProtocol.swift in Sources */ = {isa = PBXBuildFile; fileRef = 2B54BACD2B9E2E7400733E90 /* LoginProtocol.swift */; };
		2B5793B52B9B856300E907E9 /* ProfileEdit.swift in Sources */ = {isa = PBXBuildFile; fileRef = 2B5793B42B9B856300E907E9 /* ProfileEdit.swift */; };
		2B5793B72B9B861200E907E9 /* PassEdit.swift in Sources */ = {isa = PBXBuildFile; fileRef = 2B5793B62B9B861100E907E9 /* PassEdit.swift */; };
		2B5810FB2B682B2C00B48A88 /* MapScreen.swift in Sources */ = {isa = PBXBuildFile; fileRef = 2B5810FA2B682B2C00B48A88 /* MapScreen.swift */; };
		2B5811002B683C9E00B48A88 /* MapViewController.swift in Sources */ = {isa = PBXBuildFile; fileRef = 2B5810FF2B683C9E00B48A88 /* MapViewController.swift */; };
		2B5B39372B60253900AF65B2 /* RouteViewX.swift in Sources */ = {isa = PBXBuildFile; fileRef = 2B5B39362B60253900AF65B2 /* RouteViewX.swift */; };
		2B5DF8FD2B7686CD002ECBAC /* PlaceViewModel.swift in Sources */ = {isa = PBXBuildFile; fileRef = 2B5DF8FC2B7686CD002ECBAC /* PlaceViewModel.swift */; };
		2B5DF8FF2B7687A8002ECBAC /* PlaceManager.swift in Sources */ = {isa = PBXBuildFile; fileRef = 2B5DF8FE2B7687A8002ECBAC /* PlaceManager.swift */; };
		2B6261CE2B86387200E7DF17 /* LeadDetailView.swift in Sources */ = {isa = PBXBuildFile; fileRef = 2B6261CD2B86387200E7DF17 /* LeadDetailView.swift */; };
		2B693A5C2BAA43010048B6A5 /* AquaCalendar.swift in Sources */ = {isa = PBXBuildFile; fileRef = 2B693A5B2BAA43010048B6A5 /* AquaCalendar.swift */; };
		2B6EE6D32B9F88DB00FAFED7 /* Route.swift in Sources */ = {isa = PBXBuildFile; fileRef = 2B6EE6D22B9F88DB00FAFED7 /* Route.swift */; };
		2B6EE6D52B9F8BE800FAFED7 /* RouteManager.swift in Sources */ = {isa = PBXBuildFile; fileRef = 2B6EE6D42B9F8BE800FAFED7 /* RouteManager.swift */; };
		2B725BF42B76C5BA00B3143F /* AddressView.swift in Sources */ = {isa = PBXBuildFile; fileRef = 2B725BF32B76C5BA00B3143F /* AddressView.swift */; };
		2B75B3462B5F07A300BDD12C /* MainScreen.swift in Sources */ = {isa = PBXBuildFile; fileRef = 2B75B3452B5F07A300BDD12C /* MainScreen.swift */; };
		2B75B3482B5F1AE000BDD12C /* SettingView.swift in Sources */ = {isa = PBXBuildFile; fileRef = 2B75B3472B5F1AE000BDD12C /* SettingView.swift */; };
		2B75B34E2B5F24C000BDD12C /* ProfileView.swift in Sources */ = {isa = PBXBuildFile; fileRef = 2B75B34D2B5F24C000BDD12C /* ProfileView.swift */; };
		2B75B3512B5F2D8E00BDD12C /* PassView.swift in Sources */ = {isa = PBXBuildFile; fileRef = 2B75B3502B5F2D8E00BDD12C /* PassView.swift */; };
		2B8A8E592B582EAA00E8533F /* Launch Screen.storyboard in Resources */ = {isa = PBXBuildFile; fileRef = 2B8A8E582B582EAA00E8533F /* Launch Screen.storyboard */; };
		2B905FDC2B66AF4B00FFED03 /* CoreTelephony.framework in Frameworks */ = {isa = PBXBuildFile; fileRef = 2B905FDB2B66AF4B00FFED03 /* CoreTelephony.framework */; };
		2B98C2C72B9E68230024FB2D /* LeadViewModel.swift in Sources */ = {isa = PBXBuildFile; fileRef = 2B98C2C62B9E68230024FB2D /* LeadViewModel.swift */; };
		2BA43D142B5AC76100960681 /* HomeScreen.swift in Sources */ = {isa = PBXBuildFile; fileRef = 2BA43D132B5AC76100960681 /* HomeScreen.swift */; };
		2BA43D162B5AC88600960681 /* Authentication.swift in Sources */ = {isa = PBXBuildFile; fileRef = 2BA43D152B5AC88600960681 /* Authentication.swift */; };
		2BA43D1A2B5B305300960681 /* LoginView.swift in Sources */ = {isa = PBXBuildFile; fileRef = 2BA43D192B5B305300960681 /* LoginView.swift */; };
		2BA43D1C2B5B322300960681 /* Test3.swift in Sources */ = {isa = PBXBuildFile; fileRef = 2BA43D1B2B5B322300960681 /* Test3.swift */; };
		2BA484762B9A2FB300247BD0 /* RegistrationView.swift in Sources */ = {isa = PBXBuildFile; fileRef = 2BA484752B9A2FB300247BD0 /* RegistrationView.swift */; };
		2BA8A5652B541C0C0004CDCD /* AquaFeelApp.swift in Sources */ = {isa = PBXBuildFile; fileRef = 2BA8A5642B541C0C0004CDCD /* AquaFeelApp.swift */; };
		2BA8A5672B541C0C0004CDCD /* ContentView.swift in Sources */ = {isa = PBXBuildFile; fileRef = 2BA8A5662B541C0C0004CDCD /* ContentView.swift */; };
		2BA8A5692B541C0D0004CDCD /* Assets.xcassets in Resources */ = {isa = PBXBuildFile; fileRef = 2BA8A5682B541C0D0004CDCD /* Assets.xcassets */; };
		2BA8A56C2B541C0D0004CDCD /* Preview Assets.xcassets in Resources */ = {isa = PBXBuildFile; fileRef = 2BA8A56B2B541C0D0004CDCD /* Preview Assets.xcassets */; };
		2BA8A57E2B541D020004CDCD /* GoogleMaps.bundle in Resources */ = {isa = PBXBuildFile; fileRef = 2BA8A57D2B541D020004CDCD /* GoogleMaps.bundle */; };
		2BA8A5802B541D450004CDCD /* Accelerate.framework in Frameworks */ = {isa = PBXBuildFile; fileRef = 2BA8A57F2B541D450004CDCD /* Accelerate.framework */; };
		2BA8A5822B541D4E0004CDCD /* CoreData.framework in Frameworks */ = {isa = PBXBuildFile; fileRef = 2BA8A5812B541D4E0004CDCD /* CoreData.framework */; };
		2BA8A5842B541D550004CDCD /* CoreGraphics.framework in Frameworks */ = {isa = PBXBuildFile; fileRef = 2BA8A5832B541D550004CDCD /* CoreGraphics.framework */; };
		2BA8A5862B541D600004CDCD /* CoreImage.framework in Frameworks */ = {isa = PBXBuildFile; fileRef = 2BA8A5852B541D600004CDCD /* CoreImage.framework */; };
		2BA8A5882B541D660004CDCD /* CoreLocation.framework in Frameworks */ = {isa = PBXBuildFile; fileRef = 2BA8A5872B541D660004CDCD /* CoreLocation.framework */; };
		2BA8A58C2B541D780004CDCD /* CoreText.framework in Frameworks */ = {isa = PBXBuildFile; fileRef = 2BA8A58B2B541D780004CDCD /* CoreText.framework */; };
		2BA8A58E2B541D820004CDCD /* GLKit.framework in Frameworks */ = {isa = PBXBuildFile; fileRef = 2BA8A58D2B541D820004CDCD /* GLKit.framework */; };
		2BA8A5902B541D900004CDCD /* ImageIO.framework in Frameworks */ = {isa = PBXBuildFile; fileRef = 2BA8A58F2B541D900004CDCD /* ImageIO.framework */; };
		2BA8A5922B541D9B0004CDCD /* libc++.tbd in Frameworks */ = {isa = PBXBuildFile; fileRef = 2BA8A5912B541D9B0004CDCD /* libc++.tbd */; };
		2BA8A5942B541DA40004CDCD /* libz.tbd in Frameworks */ = {isa = PBXBuildFile; fileRef = 2BA8A5932B541DA40004CDCD /* libz.tbd */; };
		2BA8A5962B541DAE0004CDCD /* Metal.framework in Frameworks */ = {isa = PBXBuildFile; fileRef = 2BA8A5952B541DAE0004CDCD /* Metal.framework */; };
		2BA8A5982B541DB90004CDCD /* OpenGLES.framework in Frameworks */ = {isa = PBXBuildFile; fileRef = 2BA8A5972B541DB90004CDCD /* OpenGLES.framework */; };
		2BA8A59A2B541DC20004CDCD /* QuartzCore.framework in Frameworks */ = {isa = PBXBuildFile; fileRef = 2BA8A5992B541DC20004CDCD /* QuartzCore.framework */; };
		2BA8A59C2B541DCB0004CDCD /* SystemConfiguration.framework in Frameworks */ = {isa = PBXBuildFile; fileRef = 2BA8A59B2B541DCB0004CDCD /* SystemConfiguration.framework */; };
		2BA8A59E2B541DD40004CDCD /* UIKit.framework in Frameworks */ = {isa = PBXBuildFile; fileRef = 2BA8A59D2B541DD40004CDCD /* UIKit.framework */; };
		2BA8A5A02B541EE70004CDCD /* AppDelegate.swift in Sources */ = {isa = PBXBuildFile; fileRef = 2BA8A59F2B541EE70004CDCD /* AppDelegate.swift */; };
		2BA8A5A42B54327A0004CDCD /* Test.swift in Sources */ = {isa = PBXBuildFile; fileRef = 2BA8A5A32B54327A0004CDCD /* Test.swift */; };
		2BA8A5A62B5432990004CDCD /* Localizable.xcstrings in Resources */ = {isa = PBXBuildFile; fileRef = 2BA8A5A52B5432990004CDCD /* Localizable.xcstrings */; };
		2BA8A5B62B5441AB0004CDCD /* LoginScreen3.swift in Sources */ = {isa = PBXBuildFile; fileRef = 2BA8A5B52B5441AB0004CDCD /* LoginScreen3.swift */; };
		2BA8A5B92B5441EE0004CDCD /* LoginViewModel.swift in Sources */ = {isa = PBXBuildFile; fileRef = 2BA8A5B82B5441EE0004CDCD /* LoginViewModel.swift */; };
		2BA8A5BC2B5442380004CDCD /* LoginFetch.swift in Sources */ = {isa = PBXBuildFile; fileRef = 2BA8A5BB2B5442380004CDCD /* LoginFetch.swift */; };
		2BA8A5BF2B5442B30004CDCD /* LoginResponse.swift in Sources */ = {isa = PBXBuildFile; fileRef = 2BA8A5BE2B5442B30004CDCD /* LoginResponse.swift */; };
		2BA8A5C22B5442ED0004CDCD /* LoginAction.swift in Sources */ = {isa = PBXBuildFile; fileRef = 2BA8A5C12B5442ED0004CDCD /* LoginAction.swift */; };
		2BA8A5C62B545DDA0004CDCD /* AppStore.swift in Sources */ = {isa = PBXBuildFile; fileRef = 2BA8A5C52B545DDA0004CDCD /* AppStore.swift */; };
		2BA8A5C92B545E1E0004CDCD /* UserData.swift in Sources */ = {isa = PBXBuildFile; fileRef = 2BA8A5C82B545E1E0004CDCD /* UserData.swift */; };
		2BA94E6B2B71265B0004C446 /* DragDropGestureRecognizer.swift in Sources */ = {isa = PBXBuildFile; fileRef = 2BA94E6A2B71265B0004C446 /* DragDropGestureRecognizer.swift */; };
		2BA94E6D2B7152E50004C446 /* MapMenuViewController1.swift in Sources */ = {isa = PBXBuildFile; fileRef = 2BA94E6C2B7152E50004C446 /* MapMenuViewController1.swift */; };
		2BAEE8552B59CFEC00B0C16D /* MyTab.swift in Sources */ = {isa = PBXBuildFile; fileRef = 2BAEE8542B59CFEC00B0C16D /* MyTab.swift */; };
		2BAEE8572B59D02900B0C16D /* TabA.swift in Sources */ = {isa = PBXBuildFile; fileRef = 2BAEE8562B59D02900B0C16D /* TabA.swift */; };
		2BAEE8592B59D1AB00B0C16D /* TabB.swift in Sources */ = {isa = PBXBuildFile; fileRef = 2BAEE8582B59D1AB00B0C16D /* TabB.swift */; };
		2BAEE85B2B59D1EE00B0C16D /* TabC.swift in Sources */ = {isa = PBXBuildFile; fileRef = 2BAEE85A2B59D1EE00B0C16D /* TabC.swift */; };
		2BB966CE2B8BED73007E1442 /* PP.swift in Sources */ = {isa = PBXBuildFile; fileRef = 2BB966CD2B8BED73007E1442 /* PP.swift */; };
		2BBDA2F92B90FD160073F43B /* EquitableView.swift in Sources */ = {isa = PBXBuildFile; fileRef = 2BBDA2F82B90FD160073F43B /* EquitableView.swift */; };
		2BC6CCED2B9F9CF600C7DA19 /* RouteListView.swift in Sources */ = {isa = PBXBuildFile; fileRef = 2BC6CCEC2B9F9CF600C7DA19 /* RouteListView.swift */; };
		2BCA0B7D2B7BF026006D3993 /* FilterOption.swift in Sources */ = {isa = PBXBuildFile; fileRef = 2BCA0B7C2B7BF026006D3993 /* FilterOption.swift */; };
		2BD01F2B2B8B93E900FCE5CB /* LeadManager.swift in Sources */ = {isa = PBXBuildFile; fileRef = 2BD01F2A2B8B93E900FCE5CB /* LeadManager.swift */; };
		2BD84DB12B56CDB200BC01C9 /* CreateLead.swift in Sources */ = {isa = PBXBuildFile; fileRef = 2BD84DB02B56CDB200BC01C9 /* CreateLead.swift */; };
		2BD84DB52B572F3100BC01C9 /* SplashScreen.swift in Sources */ = {isa = PBXBuildFile; fileRef = 2BD84DB42B572F3100BC01C9 /* SplashScreen.swift */; };
		2BE1EFF62B6988DA00D51888 /* LoginScreen.swift in Sources */ = {isa = PBXBuildFile; fileRef = 2BE1EFF52B6988DA00D51888 /* LoginScreen.swift */; };
		2BE1EFF92B69A5B900D51888 /* MapIconView2.swift in Sources */ = {isa = PBXBuildFile; fileRef = 2BE1EFF82B69A5B900D51888 /* MapIconView2.swift */; };
		2BE1EFFB2B69BB4E00D51888 /* Circle.swift in Sources */ = {isa = PBXBuildFile; fileRef = 2BE1EFFA2B69BB4E00D51888 /* Circle.swift */; };
		2BEC71F02BB06C56009BF4E0 /* DraggableView.swift in Sources */ = {isa = PBXBuildFile; fileRef = 2BEC71EF2BB06C56009BF4E0 /* DraggableView.swift */; };
		2BEC721B2BB09698009BF4E0 /* RouteController.swift in Sources */ = {isa = PBXBuildFile; fileRef = 2BEC721A2BB09698009BF4E0 /* RouteController.swift */; };
		2BEC721D2BB0D6D8009BF4E0 /* DirectionModel.swift in Sources */ = {isa = PBXBuildFile; fileRef = 2BEC721C2BB0D6D8009BF4E0 /* DirectionModel.swift */; };
		2BED59BE2B8552A20094CD7E /* RouteView.swift in Sources */ = {isa = PBXBuildFile; fileRef = 2BED59BD2B8552A20094CD7E /* RouteView.swift */; };
		2BED59C02B85549A0094CD7E /* AddressSelector.swift in Sources */ = {isa = PBXBuildFile; fileRef = 2BED59BF2B85549A0094CD7E /* AddressSelector.swift */; };
		2BED97C92B8CFE6A0043A6F3 /* UserManager.swift in Sources */ = {isa = PBXBuildFile; fileRef = 2BED97C82B8CFE6A0043A6F3 /* UserManager.swift */; };
		2BF011052B900AEF0075B629 /* GoogleMapsUtils.framework in Frameworks */ = {isa = PBXBuildFile; fileRef = 2BF011042B900AEF0075B629 /* GoogleMapsUtils.framework */; };
		2BF6BE0C2B72C0FE0016FB39 /* PathOptionView.swift in Sources */ = {isa = PBXBuildFile; fileRef = 2BF6BE0B2B72C0FE0016FB39 /* PathOptionView.swift */; };
/* End PBXBuildFile section */

/* Begin PBXCopyFilesBuildPhase section */
		2BA8A57C2B541CF70004CDCD /* Embed Frameworks */ = {
			isa = PBXCopyFilesBuildPhase;
			buildActionMask = 2147483647;
			dstPath = "";
			dstSubfolderSpec = 10;
			files = (
			);
			name = "Embed Frameworks";
			runOnlyForDeploymentPostprocessing = 0;
		};
/* End PBXCopyFilesBuildPhase section */

/* Begin PBXFileReference section */
		2B0576022B61B8BD00681FA0 /* LeadStatus.swift */ = {isa = PBXFileReference; lastKnownFileType = sourcecode.swift; path = LeadStatus.swift; sourceTree = "<group>"; };
		2B06D2E22B69749D00B401FB /* CustomTextView.swift */ = {isa = PBXFileReference; lastKnownFileType = sourcecode.swift; path = CustomTextView.swift; sourceTree = "<group>"; };
		2B06E8AE2BA3D0FE001C138F /* TestGitHUB.swift */ = {isa = PBXFileReference; lastKnownFileType = sourcecode.swift; path = TestGitHUB.swift; sourceTree = "<group>"; };
		2B0F54142B9CB65400AEEAE3 /* UnknowJson.swift */ = {isa = PBXFileReference; lastKnownFileType = sourcecode.swift; path = UnknowJson.swift; sourceTree = "<group>"; };
		2B0F54162B9CE07D00AEEAE3 /* PrettyPrint.swift */ = {isa = PBXFileReference; lastKnownFileType = sourcecode.swift; path = PrettyPrint.swift; sourceTree = "<group>"; };
		2B0FB8642B758AC0005FD5A8 /* AddressViewModel.swift */ = {isa = PBXFileReference; lastKnownFileType = sourcecode.swift; path = AddressViewModel.swift; sourceTree = "<group>"; };
		2B0FB8662B758B1C005FD5A8 /* AddressViewPrevies.swift */ = {isa = PBXFileReference; lastKnownFileType = sourcecode.swift; path = AddressViewPrevies.swift; sourceTree = "<group>"; };
		2B17FAC62B7D820200445990 /* GoogleMaps.xcframework */ = {isa = PBXFileReference; lastKnownFileType = wrapper.xcframework; path = GoogleMaps.xcframework; sourceTree = "<group>"; };
		2B17FAC72B7D820200445990 /* GoogleMapsBase.xcframework */ = {isa = PBXFileReference; lastKnownFileType = wrapper.xcframework; path = GoogleMapsBase.xcframework; sourceTree = "<group>"; };
		2B17FAC82B7D820200445990 /* GoogleMapsCore.xcframework */ = {isa = PBXFileReference; lastKnownFileType = wrapper.xcframework; path = GoogleMapsCore.xcframework; sourceTree = "<group>"; };
		2B1CB9252B6540A7003CE11A /* UIViewTest.swift */ = {isa = PBXFileReference; lastKnownFileType = sourcecode.swift; path = UIViewTest.swift; sourceTree = "<group>"; };
		2B1CB9282B657422003CE11A /* LeadModel.swift */ = {isa = PBXFileReference; lastKnownFileType = sourcecode.swift; path = LeadModel.swift; sourceTree = "<group>"; };
		2B217BFD2BABA7EC0055F1D4 /* LeadsManager.swift */ = {isa = PBXFileReference; lastKnownFileType = sourcecode.swift; path = LeadsManager.swift; sourceTree = "<group>"; };
		2B3502382B97A10E00190FAC /* PhoneView.swift */ = {isa = PBXFileReference; lastKnownFileType = sourcecode.swift; path = PhoneView.swift; sourceTree = "<group>"; };
		2B3697EB2B87EDDE008B339B /* SnackbarView.swift */ = {isa = PBXFileReference; lastKnownFileType = sourcecode.swift; path = SnackbarView.swift; sourceTree = "<group>"; };
		2B3A2C042B782596003EED04 /* LeadList.swift */ = {isa = PBXFileReference; lastKnownFileType = sourcecode.swift; path = LeadList.swift; sourceTree = "<group>"; };
		2B3BFBFF2B5C1F3C00069F99 /* ProfileManager.swift */ = {isa = PBXFileReference; lastKnownFileType = sourcecode.swift; path = ProfileManager.swift; sourceTree = "<group>"; };
		2B3F34AF2BA21A2E00BAF52D /* AppointmentManager.swift */ = {isa = PBXFileReference; lastKnownFileType = sourcecode.swift; path = AppointmentManager.swift; sourceTree = "<group>"; };
		2B3F34B32BA21F2800BAF52D /* AppointmentList.swift */ = {isa = PBXFileReference; lastKnownFileType = sourcecode.swift; path = AppointmentList.swift; sourceTree = "<group>"; };
		2B3F34B52BA2448600BAF52D /* CalendarView.swift */ = {isa = PBXFileReference; lastKnownFileType = sourcecode.swift; path = CalendarView.swift; sourceTree = "<group>"; };
		2B3F34B72BA2513700BAF52D /* Appointment.playground */ = {isa = PBXFileReference; lastKnownFileType = file.playground; path = Appointment.playground; sourceTree = "<group>"; xcLanguageSpecificationIdentifier = xcode.lang.swift; };
		2B4713142B84213B0020D66F /* Draw.swift */ = {isa = PBXFileReference; lastKnownFileType = sourcecode.swift; path = Draw.swift; sourceTree = "<group>"; };
		2B4713162B842D9D0020D66F /* testUI.swift */ = {isa = PBXFileReference; lastKnownFileType = sourcecode.swift; path = testUI.swift; sourceTree = "<group>"; };
		2B526FA22B7CFCDC0024A578 /* MainAppScreen.swift */ = {isa = PBXFileReference; lastKnownFileType = sourcecode.swift; path = MainAppScreen.swift; sourceTree = "<group>"; };
		2B526FA62B7D2A740024A578 /* UserModel.swift */ = {isa = PBXFileReference; lastKnownFileType = sourcecode.swift; path = UserModel.swift; sourceTree = "<group>"; };
		2B54BACD2B9E2E7400733E90 /* LoginProtocol.swift */ = {isa = PBXFileReference; lastKnownFileType = sourcecode.swift; path = LoginProtocol.swift; sourceTree = "<group>"; };
		2B5793B42B9B856300E907E9 /* ProfileEdit.swift */ = {isa = PBXFileReference; lastKnownFileType = sourcecode.swift; path = ProfileEdit.swift; sourceTree = "<group>"; };
		2B5793B62B9B861100E907E9 /* PassEdit.swift */ = {isa = PBXFileReference; lastKnownFileType = sourcecode.swift; path = PassEdit.swift; sourceTree = "<group>"; };
		2B5810FA2B682B2C00B48A88 /* MapScreen.swift */ = {isa = PBXFileReference; lastKnownFileType = sourcecode.swift; path = MapScreen.swift; sourceTree = "<group>"; };
		2B5810FF2B683C9E00B48A88 /* MapViewController.swift */ = {isa = PBXFileReference; lastKnownFileType = sourcecode.swift; path = MapViewController.swift; sourceTree = "<group>"; };
		2B5B39362B60253900AF65B2 /* RouteViewX.swift */ = {isa = PBXFileReference; lastKnownFileType = sourcecode.swift; path = RouteViewX.swift; sourceTree = "<group>"; };
		2B5DF8FC2B7686CD002ECBAC /* PlaceViewModel.swift */ = {isa = PBXFileReference; lastKnownFileType = sourcecode.swift; path = PlaceViewModel.swift; sourceTree = "<group>"; };
		2B5DF8FE2B7687A8002ECBAC /* PlaceManager.swift */ = {isa = PBXFileReference; lastKnownFileType = sourcecode.swift; path = PlaceManager.swift; sourceTree = "<group>"; };
		2B6261CD2B86387200E7DF17 /* LeadDetailView.swift */ = {isa = PBXFileReference; lastKnownFileType = sourcecode.swift; path = LeadDetailView.swift; sourceTree = "<group>"; };
		2B6261CF2B86907B00E7DF17 /* Info.plist */ = {isa = PBXFileReference; lastKnownFileType = text.plist; path = Info.plist; sourceTree = "<group>"; };
		2B693A5B2BAA43010048B6A5 /* AquaCalendar.swift */ = {isa = PBXFileReference; lastKnownFileType = sourcecode.swift; path = AquaCalendar.swift; sourceTree = "<group>"; };
		2B6EE6D22B9F88DB00FAFED7 /* Route.swift */ = {isa = PBXFileReference; lastKnownFileType = sourcecode.swift; path = Route.swift; sourceTree = "<group>"; };
		2B6EE6D42B9F8BE800FAFED7 /* RouteManager.swift */ = {isa = PBXFileReference; lastKnownFileType = sourcecode.swift; path = RouteManager.swift; sourceTree = "<group>"; };
		2B725BF32B76C5BA00B3143F /* AddressView.swift */ = {isa = PBXFileReference; lastKnownFileType = sourcecode.swift; path = AddressView.swift; sourceTree = "<group>"; };
		2B75B3452B5F07A300BDD12C /* MainScreen.swift */ = {isa = PBXFileReference; lastKnownFileType = sourcecode.swift; path = MainScreen.swift; sourceTree = "<group>"; };
		2B75B3472B5F1AE000BDD12C /* SettingView.swift */ = {isa = PBXFileReference; lastKnownFileType = sourcecode.swift; path = SettingView.swift; sourceTree = "<group>"; };
		2B75B34D2B5F24C000BDD12C /* ProfileView.swift */ = {isa = PBXFileReference; lastKnownFileType = sourcecode.swift; path = ProfileView.swift; sourceTree = "<group>"; };
		2B75B3502B5F2D8E00BDD12C /* PassView.swift */ = {isa = PBXFileReference; lastKnownFileType = sourcecode.swift; path = PassView.swift; sourceTree = "<group>"; };
		2B8A8E582B582EAA00E8533F /* Launch Screen.storyboard */ = {isa = PBXFileReference; lastKnownFileType = file.storyboard; path = "Launch Screen.storyboard"; sourceTree = "<group>"; };
		2B905FDB2B66AF4B00FFED03 /* CoreTelephony.framework */ = {isa = PBXFileReference; lastKnownFileType = wrapper.framework; name = CoreTelephony.framework; path = System/Library/Frameworks/CoreTelephony.framework; sourceTree = SDKROOT; };
		2B98C2C62B9E68230024FB2D /* LeadViewModel.swift */ = {isa = PBXFileReference; lastKnownFileType = sourcecode.swift; path = LeadViewModel.swift; sourceTree = "<group>"; };
		2BA43D132B5AC76100960681 /* HomeScreen.swift */ = {isa = PBXFileReference; lastKnownFileType = sourcecode.swift; path = HomeScreen.swift; sourceTree = "<group>"; };
		2BA43D152B5AC88600960681 /* Authentication.swift */ = {isa = PBXFileReference; lastKnownFileType = sourcecode.swift; path = Authentication.swift; sourceTree = "<group>"; };
		2BA43D192B5B305300960681 /* LoginView.swift */ = {isa = PBXFileReference; lastKnownFileType = sourcecode.swift; path = LoginView.swift; sourceTree = "<group>"; };
		2BA43D1B2B5B322300960681 /* Test3.swift */ = {isa = PBXFileReference; lastKnownFileType = sourcecode.swift; path = Test3.swift; sourceTree = "<group>"; };
		2BA484752B9A2FB300247BD0 /* RegistrationView.swift */ = {isa = PBXFileReference; lastKnownFileType = sourcecode.swift; path = RegistrationView.swift; sourceTree = "<group>"; };
		2BA8A5612B541C0C0004CDCD /* AquaFeel.app */ = {isa = PBXFileReference; explicitFileType = wrapper.application; includeInIndex = 0; path = AquaFeel.app; sourceTree = BUILT_PRODUCTS_DIR; };
		2BA8A5642B541C0C0004CDCD /* AquaFeelApp.swift */ = {isa = PBXFileReference; lastKnownFileType = sourcecode.swift; path = AquaFeelApp.swift; sourceTree = "<group>"; };
		2BA8A5662B541C0C0004CDCD /* ContentView.swift */ = {isa = PBXFileReference; lastKnownFileType = sourcecode.swift; path = ContentView.swift; sourceTree = "<group>"; };
		2BA8A5682B541C0D0004CDCD /* Assets.xcassets */ = {isa = PBXFileReference; lastKnownFileType = folder.assetcatalog; path = Assets.xcassets; sourceTree = "<group>"; };
		2BA8A56B2B541C0D0004CDCD /* Preview Assets.xcassets */ = {isa = PBXFileReference; lastKnownFileType = folder.assetcatalog; path = "Preview Assets.xcassets"; sourceTree = "<group>"; };
		2BA8A57D2B541D020004CDCD /* GoogleMaps.bundle */ = {isa = PBXFileReference; lastKnownFileType = "wrapper.plug-in"; path = GoogleMaps.bundle; sourceTree = "<group>"; };
		2BA8A57F2B541D450004CDCD /* Accelerate.framework */ = {isa = PBXFileReference; lastKnownFileType = wrapper.framework; name = Accelerate.framework; path = System/Library/Frameworks/Accelerate.framework; sourceTree = SDKROOT; };
		2BA8A5812B541D4E0004CDCD /* CoreData.framework */ = {isa = PBXFileReference; lastKnownFileType = wrapper.framework; name = CoreData.framework; path = System/Library/Frameworks/CoreData.framework; sourceTree = SDKROOT; };
		2BA8A5832B541D550004CDCD /* CoreGraphics.framework */ = {isa = PBXFileReference; lastKnownFileType = wrapper.framework; name = CoreGraphics.framework; path = System/Library/Frameworks/CoreGraphics.framework; sourceTree = SDKROOT; };
		2BA8A5852B541D600004CDCD /* CoreImage.framework */ = {isa = PBXFileReference; lastKnownFileType = wrapper.framework; name = CoreImage.framework; path = System/Library/Frameworks/CoreImage.framework; sourceTree = SDKROOT; };
		2BA8A5872B541D660004CDCD /* CoreLocation.framework */ = {isa = PBXFileReference; lastKnownFileType = wrapper.framework; name = CoreLocation.framework; path = System/Library/Frameworks/CoreLocation.framework; sourceTree = SDKROOT; };
		2BA8A58B2B541D780004CDCD /* CoreText.framework */ = {isa = PBXFileReference; lastKnownFileType = wrapper.framework; name = CoreText.framework; path = System/Library/Frameworks/CoreText.framework; sourceTree = SDKROOT; };
		2BA8A58D2B541D820004CDCD /* GLKit.framework */ = {isa = PBXFileReference; lastKnownFileType = wrapper.framework; name = GLKit.framework; path = System/Library/Frameworks/GLKit.framework; sourceTree = SDKROOT; };
		2BA8A58F2B541D900004CDCD /* ImageIO.framework */ = {isa = PBXFileReference; lastKnownFileType = wrapper.framework; name = ImageIO.framework; path = System/Library/Frameworks/ImageIO.framework; sourceTree = SDKROOT; };
		2BA8A5912B541D9B0004CDCD /* libc++.tbd */ = {isa = PBXFileReference; lastKnownFileType = "sourcecode.text-based-dylib-definition"; name = "libc++.tbd"; path = "usr/lib/libc++.tbd"; sourceTree = SDKROOT; };
		2BA8A5932B541DA40004CDCD /* libz.tbd */ = {isa = PBXFileReference; lastKnownFileType = "sourcecode.text-based-dylib-definition"; name = libz.tbd; path = usr/lib/libz.tbd; sourceTree = SDKROOT; };
		2BA8A5952B541DAE0004CDCD /* Metal.framework */ = {isa = PBXFileReference; lastKnownFileType = wrapper.framework; name = Metal.framework; path = System/Library/Frameworks/Metal.framework; sourceTree = SDKROOT; };
		2BA8A5972B541DB90004CDCD /* OpenGLES.framework */ = {isa = PBXFileReference; lastKnownFileType = wrapper.framework; name = OpenGLES.framework; path = System/Library/Frameworks/OpenGLES.framework; sourceTree = SDKROOT; };
		2BA8A5992B541DC20004CDCD /* QuartzCore.framework */ = {isa = PBXFileReference; lastKnownFileType = wrapper.framework; name = QuartzCore.framework; path = System/Library/Frameworks/QuartzCore.framework; sourceTree = SDKROOT; };
		2BA8A59B2B541DCB0004CDCD /* SystemConfiguration.framework */ = {isa = PBXFileReference; lastKnownFileType = wrapper.framework; name = SystemConfiguration.framework; path = System/Library/Frameworks/SystemConfiguration.framework; sourceTree = SDKROOT; };
		2BA8A59D2B541DD40004CDCD /* UIKit.framework */ = {isa = PBXFileReference; lastKnownFileType = wrapper.framework; name = UIKit.framework; path = System/Library/Frameworks/UIKit.framework; sourceTree = SDKROOT; };
		2BA8A59F2B541EE70004CDCD /* AppDelegate.swift */ = {isa = PBXFileReference; lastKnownFileType = sourcecode.swift; path = AppDelegate.swift; sourceTree = "<group>"; };
		2BA8A5A32B54327A0004CDCD /* Test.swift */ = {isa = PBXFileReference; lastKnownFileType = sourcecode.swift; path = Test.swift; sourceTree = "<group>"; };
		2BA8A5A52B5432990004CDCD /* Localizable.xcstrings */ = {isa = PBXFileReference; lastKnownFileType = text.json.xcstrings; path = Localizable.xcstrings; sourceTree = "<group>"; };
		2BA8A5B52B5441AB0004CDCD /* LoginScreen3.swift */ = {isa = PBXFileReference; lastKnownFileType = sourcecode.swift; path = LoginScreen3.swift; sourceTree = "<group>"; };
		2BA8A5B82B5441EE0004CDCD /* LoginViewModel.swift */ = {isa = PBXFileReference; lastKnownFileType = sourcecode.swift; path = LoginViewModel.swift; sourceTree = "<group>"; };
		2BA8A5BB2B5442380004CDCD /* LoginFetch.swift */ = {isa = PBXFileReference; lastKnownFileType = sourcecode.swift; path = LoginFetch.swift; sourceTree = "<group>"; };
		2BA8A5BE2B5442B30004CDCD /* LoginResponse.swift */ = {isa = PBXFileReference; lastKnownFileType = sourcecode.swift; path = LoginResponse.swift; sourceTree = "<group>"; };
		2BA8A5C12B5442ED0004CDCD /* LoginAction.swift */ = {isa = PBXFileReference; lastKnownFileType = sourcecode.swift; path = LoginAction.swift; sourceTree = "<group>"; };
		2BA8A5C52B545DDA0004CDCD /* AppStore.swift */ = {isa = PBXFileReference; lastKnownFileType = sourcecode.swift; path = AppStore.swift; sourceTree = "<group>"; };
		2BA8A5C82B545E1E0004CDCD /* UserData.swift */ = {isa = PBXFileReference; lastKnownFileType = sourcecode.swift; path = UserData.swift; sourceTree = "<group>"; };
		2BA94E6A2B71265B0004C446 /* DragDropGestureRecognizer.swift */ = {isa = PBXFileReference; lastKnownFileType = sourcecode.swift; path = DragDropGestureRecognizer.swift; sourceTree = "<group>"; };
		2BA94E6C2B7152E50004C446 /* MapMenuViewController1.swift */ = {isa = PBXFileReference; lastKnownFileType = sourcecode.swift; path = MapMenuViewController1.swift; sourceTree = "<group>"; };
		2BAEE8542B59CFEC00B0C16D /* MyTab.swift */ = {isa = PBXFileReference; lastKnownFileType = sourcecode.swift; path = MyTab.swift; sourceTree = "<group>"; };
		2BAEE8562B59D02900B0C16D /* TabA.swift */ = {isa = PBXFileReference; lastKnownFileType = sourcecode.swift; path = TabA.swift; sourceTree = "<group>"; };
		2BAEE8582B59D1AB00B0C16D /* TabB.swift */ = {isa = PBXFileReference; lastKnownFileType = sourcecode.swift; path = TabB.swift; sourceTree = "<group>"; };
		2BAEE85A2B59D1EE00B0C16D /* TabC.swift */ = {isa = PBXFileReference; lastKnownFileType = sourcecode.swift; path = TabC.swift; sourceTree = "<group>"; };
		2BB966CD2B8BED73007E1442 /* PP.swift */ = {isa = PBXFileReference; lastKnownFileType = sourcecode.swift; path = PP.swift; sourceTree = "<group>"; };
		2BBDA2F82B90FD160073F43B /* EquitableView.swift */ = {isa = PBXFileReference; lastKnownFileType = sourcecode.swift; path = EquitableView.swift; sourceTree = "<group>"; };
		2BC6CCEC2B9F9CF600C7DA19 /* RouteListView.swift */ = {isa = PBXFileReference; lastKnownFileType = sourcecode.swift; path = RouteListView.swift; sourceTree = "<group>"; };
		2BCA0B7C2B7BF026006D3993 /* FilterOption.swift */ = {isa = PBXFileReference; lastKnownFileType = sourcecode.swift; path = FilterOption.swift; sourceTree = "<group>"; };
		2BD01F2A2B8B93E900FCE5CB /* LeadManager.swift */ = {isa = PBXFileReference; lastKnownFileType = sourcecode.swift; path = LeadManager.swift; sourceTree = "<group>"; };
		2BD84DB02B56CDB200BC01C9 /* CreateLead.swift */ = {isa = PBXFileReference; lastKnownFileType = sourcecode.swift; path = CreateLead.swift; sourceTree = "<group>"; };
		2BD84DB42B572F3100BC01C9 /* SplashScreen.swift */ = {isa = PBXFileReference; lastKnownFileType = sourcecode.swift; path = SplashScreen.swift; sourceTree = "<group>"; };
		2BE1EFF52B6988DA00D51888 /* LoginScreen.swift */ = {isa = PBXFileReference; lastKnownFileType = sourcecode.swift; path = LoginScreen.swift; sourceTree = "<group>"; };
		2BE1EFF82B69A5B900D51888 /* MapIconView2.swift */ = {isa = PBXFileReference; lastKnownFileType = sourcecode.swift; path = MapIconView2.swift; sourceTree = "<group>"; };
		2BE1EFFA2B69BB4E00D51888 /* Circle.swift */ = {isa = PBXFileReference; lastKnownFileType = sourcecode.swift; path = Circle.swift; sourceTree = "<group>"; };
		2BEC71EF2BB06C56009BF4E0 /* DraggableView.swift */ = {isa = PBXFileReference; lastKnownFileType = sourcecode.swift; path = DraggableView.swift; sourceTree = "<group>"; };
		2BEC721A2BB09698009BF4E0 /* RouteController.swift */ = {isa = PBXFileReference; lastKnownFileType = sourcecode.swift; path = RouteController.swift; sourceTree = "<group>"; };
		2BEC721C2BB0D6D8009BF4E0 /* DirectionModel.swift */ = {isa = PBXFileReference; lastKnownFileType = sourcecode.swift; path = DirectionModel.swift; sourceTree = "<group>"; };
		2BED59BC2B851E3D0094CD7E /* Empty.md */ = {isa = PBXFileReference; lastKnownFileType = net.daringfireball.markdown; path = Empty.md; sourceTree = "<group>"; };
		2BED59BD2B8552A20094CD7E /* RouteView.swift */ = {isa = PBXFileReference; lastKnownFileType = sourcecode.swift; path = RouteView.swift; sourceTree = "<group>"; };
		2BED59BF2B85549A0094CD7E /* AddressSelector.swift */ = {isa = PBXFileReference; lastKnownFileType = sourcecode.swift; path = AddressSelector.swift; sourceTree = "<group>"; };
		2BED97C82B8CFE6A0043A6F3 /* UserManager.swift */ = {isa = PBXFileReference; lastKnownFileType = sourcecode.swift; path = UserManager.swift; sourceTree = "<group>"; };
		2BF011042B900AEF0075B629 /* GoogleMapsUtils.framework */ = {isa = PBXFileReference; lastKnownFileType = wrapper.framework; path = GoogleMapsUtils.framework; sourceTree = "<group>"; };
		2BF6BE0B2B72C0FE0016FB39 /* PathOptionView.swift */ = {isa = PBXFileReference; lastKnownFileType = sourcecode.swift; path = PathOptionView.swift; sourceTree = "<group>"; };
/* End PBXFileReference section */

/* Begin PBXFrameworksBuildPhase section */
		2BA8A55E2B541C0C0004CDCD /* Frameworks */ = {
			isa = PBXFrameworksBuildPhase;
			buildActionMask = 2147483647;
			files = (
				2BF011052B900AEF0075B629 /* GoogleMapsUtils.framework in Frameworks */,
				2B905FDC2B66AF4B00FFED03 /* CoreTelephony.framework in Frameworks */,
				2BA8A59E2B541DD40004CDCD /* UIKit.framework in Frameworks */,
				2BA8A59C2B541DCB0004CDCD /* SystemConfiguration.framework in Frameworks */,
				2BA8A59A2B541DC20004CDCD /* QuartzCore.framework in Frameworks */,
				2BA8A5982B541DB90004CDCD /* OpenGLES.framework in Frameworks */,
				2BA8A5962B541DAE0004CDCD /* Metal.framework in Frameworks */,
				2BA8A5942B541DA40004CDCD /* libz.tbd in Frameworks */,
				2BA8A5922B541D9B0004CDCD /* libc++.tbd in Frameworks */,
				2B17FAC92B7D820200445990 /* GoogleMaps.xcframework in Frameworks */,
				2B17FACA2B7D820300445990 /* GoogleMapsBase.xcframework in Frameworks */,
				2BA8A5902B541D900004CDCD /* ImageIO.framework in Frameworks */,
				2B17FACB2B7D820300445990 /* GoogleMapsCore.xcframework in Frameworks */,
				2BA8A58E2B541D820004CDCD /* GLKit.framework in Frameworks */,
				2BA8A58C2B541D780004CDCD /* CoreText.framework in Frameworks */,
				2BA8A5882B541D660004CDCD /* CoreLocation.framework in Frameworks */,
				2BA8A5862B541D600004CDCD /* CoreImage.framework in Frameworks */,
				2BA8A5842B541D550004CDCD /* CoreGraphics.framework in Frameworks */,
				2BA8A5822B541D4E0004CDCD /* CoreData.framework in Frameworks */,
				2BA8A5802B541D450004CDCD /* Accelerate.framework in Frameworks */,
			);
			runOnlyForDeploymentPostprocessing = 0;
		};
/* End PBXFrameworksBuildPhase section */

/* Begin PBXGroup section */
		2B0576012B61B8A100681FA0 /* Views */ = {
			isa = PBXGroup;
			children = (
				2B0576022B61B8BD00681FA0 /* LeadStatus.swift */,
				2BED59BF2B85549A0094CD7E /* AddressSelector.swift */,
				2B6261CD2B86387200E7DF17 /* LeadDetailView.swift */,
				2BED59BD2B8552A20094CD7E /* RouteView.swift */,
				2B725BF32B76C5BA00B3143F /* AddressView.swift */,
				2B3697EB2B87EDDE008B339B /* SnackbarView.swift */,
				2B3502382B97A10E00190FAC /* PhoneView.swift */,
			);
			path = Views;
			sourceTree = "<group>";
		};
		2B0FB8632B758A9A005FD5A8 /* GeoAddress */ = {
			isa = PBXGroup;
			children = (
				2B0FB8642B758AC0005FD5A8 /* AddressViewModel.swift */,
				2B0FB8662B758B1C005FD5A8 /* AddressViewPrevies.swift */,
			);
			path = GeoAddress;
			sourceTree = "<group>";
		};
		2B1CB9272B6573F4003CE11A /* Models */ = {
			isa = PBXGroup;
			children = (
				2B1CB9282B657422003CE11A /* LeadModel.swift */,
				2B98C2C62B9E68230024FB2D /* LeadViewModel.swift */,
			);
			path = Models;
			sourceTree = "<group>";
		};
		2B3BFBFE2B5C1E6500069F99 /* Protocols */ = {
			isa = PBXGroup;
			children = (
				2B3BFBFF2B5C1F3C00069F99 /* ProfileManager.swift */,
				2B54BACD2B9E2E7400733E90 /* LoginProtocol.swift */,
			);
			path = Protocols;
			sourceTree = "<group>";
		};
		2B3F34AE2BA21A1300BAF52D /* Appointment */ = {
			isa = PBXGroup;
			children = (
				2B3F34B22BA21A4400BAF52D /* Views */,
				2B3F34B12BA21A3900BAF52D /* Managers */,
				2B3F34B72BA2513700BAF52D /* Appointment.playground */,
			);
			path = Appointment;
			sourceTree = "<group>";
		};
		2B3F34B12BA21A3900BAF52D /* Managers */ = {
			isa = PBXGroup;
			children = (
				2B3F34AF2BA21A2E00BAF52D /* AppointmentManager.swift */,
			);
			path = Managers;
			sourceTree = "<group>";
		};
		2B3F34B22BA21A4400BAF52D /* Views */ = {
			isa = PBXGroup;
			children = (
				2B3F34B32BA21F2800BAF52D /* AppointmentList.swift */,
				2B06E8AE2BA3D0FE001C138F /* TestGitHUB.swift */,
				2B3F34B52BA2448600BAF52D /* CalendarView.swift */,
				2B693A5B2BAA43010048B6A5 /* AquaCalendar.swift */,
			);
			path = Views;
			sourceTree = "<group>";
		};
		2B4713132B84212E0020D66F /* Models */ = {
			isa = PBXGroup;
			children = (
				2B4713142B84213B0020D66F /* Draw.swift */,
				2BEC721C2BB0D6D8009BF4E0 /* DirectionModel.swift */,
				2B217BFD2BABA7EC0055F1D4 /* LeadsManager.swift */,
				2B0F54142B9CB65400AEEAE3 /* UnknowJson.swift */,
			);
			path = Models;
			sourceTree = "<group>";
		};
		2B526FA42B7D2A520024A578 /* User */ = {
			isa = PBXGroup;
			children = (
				2B526FA52B7D2A580024A578 /* Models */,
			);
			path = User;
			sourceTree = "<group>";
		};
		2B526FA52B7D2A580024A578 /* Models */ = {
			isa = PBXGroup;
			children = (
				2B526FA62B7D2A740024A578 /* UserModel.swift */,
			);
			path = Models;
			sourceTree = "<group>";
		};
		2B5810F82B682B0C00B48A88 /* Map */ = {
			isa = PBXGroup;
			children = (
				2B4713132B84212E0020D66F /* Models */,
				2B0FB8632B758A9A005FD5A8 /* GeoAddress */,
				2BE1EFF72B69A5AA00D51888 /* Views */,
				2B5810FE2B683C8500B48A88 /* ViewController */,
				2B5810F92B682B1300B48A88 /* Screen */,
			);
			path = Map;
			sourceTree = "<group>";
		};
		2B5810F92B682B1300B48A88 /* Screen */ = {
			isa = PBXGroup;
			children = (
				2B5810FA2B682B2C00B48A88 /* MapScreen.swift */,
				2B06D2E22B69749D00B401FB /* CustomTextView.swift */,
				2BE1EFFA2B69BB4E00D51888 /* Circle.swift */,
			);
			path = Screen;
			sourceTree = "<group>";
		};
		2B5810FE2B683C8500B48A88 /* ViewController */ = {
			isa = PBXGroup;
			children = (
				2B5810FF2B683C9E00B48A88 /* MapViewController.swift */,
				2BA94E6C2B7152E50004C446 /* MapMenuViewController1.swift */,
				2B4713162B842D9D0020D66F /* testUI.swift */,
				2BED59BC2B851E3D0094CD7E /* Empty.md */,
				2BEC721A2BB09698009BF4E0 /* RouteController.swift */,
			);
			path = ViewController;
			sourceTree = "<group>";
		};
		2B5DF8FB2B7686AF002ECBAC /* ViewModels */ = {
			isa = PBXGroup;
			children = (
				2B5DF8FC2B7686CD002ECBAC /* PlaceViewModel.swift */,
				2B5DF8FE2B7687A8002ECBAC /* PlaceManager.swift */,
			);
			path = ViewModels;
			sourceTree = "<group>";
		};
		2B6EE6CE2B9F889900FAFED7 /* Route */ = {
			isa = PBXGroup;
			children = (
				2B6EE6D12B9F88C300FAFED7 /* Views */,
				2B6EE6D02B9F88B900FAFED7 /* Managers */,
				2B6EE6CF2B9F88A600FAFED7 /* Models */,
			);
			path = Route;
			sourceTree = "<group>";
		};
		2B6EE6CF2B9F88A600FAFED7 /* Models */ = {
			isa = PBXGroup;
			children = (
				2B6EE6D22B9F88DB00FAFED7 /* Route.swift */,
			);
			path = Models;
			sourceTree = "<group>";
		};
		2B6EE6D02B9F88B900FAFED7 /* Managers */ = {
			isa = PBXGroup;
			children = (
				2B6EE6D42B9F8BE800FAFED7 /* RouteManager.swift */,
			);
			path = Managers;
			sourceTree = "<group>";
		};
		2B6EE6D12B9F88C300FAFED7 /* Views */ = {
			isa = PBXGroup;
			children = (
				2BC6CCEC2B9F9CF600C7DA19 /* RouteListView.swift */,
			);
			path = Views;
			sourceTree = "<group>";
		};
		2B75B3432B5F077C00BDD12C /* Main */ = {
			isa = PBXGroup;
			children = (
				2B75B34A2B5F244D00BDD12C /* Views */,
				2B75B3442B5F078A00BDD12C /* Screen */,
			);
			path = Main;
			sourceTree = "<group>";
		};
		2B75B3442B5F078A00BDD12C /* Screen */ = {
			isa = PBXGroup;
			children = (
				2B75B3452B5F07A300BDD12C /* MainScreen.swift */,
			);
			path = Screen;
			sourceTree = "<group>";
		};
		2B75B34A2B5F244D00BDD12C /* Views */ = {
			isa = PBXGroup;
			children = (
				2B75B3472B5F1AE000BDD12C /* SettingView.swift */,
			);
			path = Views;
			sourceTree = "<group>";
		};
		2B75B34B2B5F249A00BDD12C /* Profile */ = {
			isa = PBXGroup;
			children = (
				2B75B34F2B5F2D7700BDD12C /* Views */,
				2B75B34C2B5F24A200BDD12C /* Screen */,
			);
			path = Profile;
			sourceTree = "<group>";
		};
		2B75B34C2B5F24A200BDD12C /* Screen */ = {
			isa = PBXGroup;
			children = (
				2B75B34D2B5F24C000BDD12C /* ProfileView.swift */,
				2BA484752B9A2FB300247BD0 /* RegistrationView.swift */,
				2B5793B42B9B856300E907E9 /* ProfileEdit.swift */,
				2B5793B62B9B861100E907E9 /* PassEdit.swift */,
			);
			path = Screen;
			sourceTree = "<group>";
		};
		2B75B34F2B5F2D7700BDD12C /* Views */ = {
			isa = PBXGroup;
			children = (
				2B75B3502B5F2D8E00BDD12C /* PassView.swift */,
			);
			path = Views;
			sourceTree = "<group>";
		};
		2BA8A5582B541C0C0004CDCD = {
			isa = PBXGroup;
			children = (
				2BA8A57D2B541D020004CDCD /* GoogleMaps.bundle */,
				2BA8A5632B541C0C0004CDCD /* AquaFeel */,
				2BA8A5622B541C0C0004CDCD /* Products */,
				2BA8A5722B541CF70004CDCD /* Frameworks */,
			);
			sourceTree = "<group>";
		};
		2BA8A5622B541C0C0004CDCD /* Products */ = {
			isa = PBXGroup;
			children = (
				2BA8A5612B541C0C0004CDCD /* AquaFeel.app */,
			);
			name = Products;
			sourceTree = "<group>";
		};
		2BA8A5632B541C0C0004CDCD /* AquaFeel */ = {
			isa = PBXGroup;
			children = (
				2B6261CF2B86907B00E7DF17 /* Info.plist */,
				2B3BFBFE2B5C1E6500069F99 /* Protocols */,
				2BAEE8532B59CFD700B0C16D /* Test */,
				2BA8A5C42B545DBB0004CDCD /* Store */,
				2BA8A5A72B5434B60004CDCD /* Features */,
				2BA8A5A12B5425DD0004CDCD /* SupportingFiles */,
				2BA8A59F2B541EE70004CDCD /* AppDelegate.swift */,
				2BA8A5642B541C0C0004CDCD /* AquaFeelApp.swift */,
				2B1CB9252B6540A7003CE11A /* UIViewTest.swift */,
				2BA8A5662B541C0C0004CDCD /* ContentView.swift */,
				2BA8A5A32B54327A0004CDCD /* Test.swift */,
				2BA8A5682B541C0D0004CDCD /* Assets.xcassets */,
				2BA8A56A2B541C0D0004CDCD /* Preview Content */,
				2BA8A5A52B5432990004CDCD /* Localizable.xcstrings */,
				2B8A8E582B582EAA00E8533F /* Launch Screen.storyboard */,
			);
			path = AquaFeel;
			sourceTree = "<group>";
		};
		2BA8A56A2B541C0D0004CDCD /* Preview Content */ = {
			isa = PBXGroup;
			children = (
				2BA8A56B2B541C0D0004CDCD /* Preview Assets.xcassets */,
			);
			path = "Preview Content";
			sourceTree = "<group>";
		};
		2BA8A5722B541CF70004CDCD /* Frameworks */ = {
			isa = PBXGroup;
			children = (
				2BF011042B900AEF0075B629 /* GoogleMapsUtils.framework */,
				2B905FDB2B66AF4B00FFED03 /* CoreTelephony.framework */,
				2BA8A59D2B541DD40004CDCD /* UIKit.framework */,
				2BA8A59B2B541DCB0004CDCD /* SystemConfiguration.framework */,
				2BA8A5992B541DC20004CDCD /* QuartzCore.framework */,
				2BA8A5972B541DB90004CDCD /* OpenGLES.framework */,
				2BA8A5952B541DAE0004CDCD /* Metal.framework */,
				2BA8A5932B541DA40004CDCD /* libz.tbd */,
				2BA8A5912B541D9B0004CDCD /* libc++.tbd */,
				2BA8A58F2B541D900004CDCD /* ImageIO.framework */,
				2BA8A58D2B541D820004CDCD /* GLKit.framework */,
				2BA8A58B2B541D780004CDCD /* CoreText.framework */,
				2BA8A5872B541D660004CDCD /* CoreLocation.framework */,
				2BA8A5852B541D600004CDCD /* CoreImage.framework */,
				2BA8A5832B541D550004CDCD /* CoreGraphics.framework */,
				2BA8A5812B541D4E0004CDCD /* CoreData.framework */,
				2BA8A57F2B541D450004CDCD /* Accelerate.framework */,
				2B17FAC62B7D820200445990 /* GoogleMaps.xcframework */,
				2B17FAC72B7D820200445990 /* GoogleMapsBase.xcframework */,
				2B17FAC82B7D820200445990 /* GoogleMapsCore.xcframework */,
			);
			name = Frameworks;
			sourceTree = "<group>";
		};
		2BA8A5A12B5425DD0004CDCD /* SupportingFiles */ = {
			isa = PBXGroup;
			children = (
				2BA8A5A22B54260B0004CDCD /* Localization */,
				2BA94E6A2B71265B0004C446 /* DragDropGestureRecognizer.swift */,
			);
			path = SupportingFiles;
			sourceTree = "<group>";
		};
		2BA8A5A22B54260B0004CDCD /* Localization */ = {
			isa = PBXGroup;
			children = (
			);
			path = Localization;
			sourceTree = "<group>";
		};
		2BA8A5A72B5434B60004CDCD /* Features */ = {
			isa = PBXGroup;
			children = (
				2B3F34AE2BA21A1300BAF52D /* Appointment */,
				2B6EE6CE2B9F889900FAFED7 /* Route */,
				2B526FA42B7D2A520024A578 /* User */,
				2B5810F82B682B0C00B48A88 /* Map */,
				2B75B34B2B5F249A00BDD12C /* Profile */,
				2B75B3432B5F077C00BDD12C /* Main */,
				2BD84DB22B572F0700BC01C9 /* SplashScreen */,
				2BD84DAE2B56CD8700BC01C9 /* Leads */,
				2BA8A5B32B5441620004CDCD /* Login */,
				2BA8A5A82B5434CD0004CDCD /* Home */,
			);
			path = Features;
			sourceTree = "<group>";
		};
		2BA8A5A82B5434CD0004CDCD /* Home */ = {
			isa = PBXGroup;
			children = (
				2BA8A5AD2B5435190004CDCD /* Views */,
				2BA8A5AC2B54350D0004CDCD /* ViewModels */,
				2BA8A5AB2B5435030004CDCD /* Screens */,
				2BA8A5AA2B5434F70004CDCD /* Models */,
				2BA8A5A92B5434E30004CDCD /* Actions */,
			);
			path = Home;
			sourceTree = "<group>";
		};
		2BA8A5A92B5434E30004CDCD /* Actions */ = {
			isa = PBXGroup;
			children = (
			);
			path = Actions;
			sourceTree = "<group>";
		};
		2BA8A5AA2B5434F70004CDCD /* Models */ = {
			isa = PBXGroup;
			children = (
			);
			path = Models;
			sourceTree = "<group>";
		};
		2BA8A5AB2B5435030004CDCD /* Screens */ = {
			isa = PBXGroup;
			children = (
				2BA43D132B5AC76100960681 /* HomeScreen.swift */,
				2B526FA22B7CFCDC0024A578 /* MainAppScreen.swift */,
			);
			path = Screens;
			sourceTree = "<group>";
		};
		2BA8A5AC2B54350D0004CDCD /* ViewModels */ = {
			isa = PBXGroup;
			children = (
			);
			path = ViewModels;
			sourceTree = "<group>";
		};
		2BA8A5AD2B5435190004CDCD /* Views */ = {
			isa = PBXGroup;
			children = (
				2B5B39362B60253900AF65B2 /* RouteViewX.swift */,
			);
			path = Views;
			sourceTree = "<group>";
		};
		2BA8A5B32B5441620004CDCD /* Login */ = {
			isa = PBXGroup;
			children = (
				2BA8A5C02B5442DF0004CDCD /* Actions */,
				2BA8A5BA2B54422E0004CDCD /* Models */,
				2BA8A5B72B5441D80004CDCD /* ViewModels */,
				2BA8A5B42B5441960004CDCD /* Screen */,
			);
			path = Login;
			sourceTree = "<group>";
		};
		2BA8A5B42B5441960004CDCD /* Screen */ = {
			isa = PBXGroup;
			children = (
				2BA8A5B52B5441AB0004CDCD /* LoginScreen3.swift */,
				2BA43D192B5B305300960681 /* LoginView.swift */,
				2BA43D1B2B5B322300960681 /* Test3.swift */,
				2BE1EFF52B6988DA00D51888 /* LoginScreen.swift */,
			);
			path = Screen;
			sourceTree = "<group>";
		};
		2BA8A5B72B5441D80004CDCD /* ViewModels */ = {
			isa = PBXGroup;
			children = (
				2BA8A5B82B5441EE0004CDCD /* LoginViewModel.swift */,
			);
			path = ViewModels;
			sourceTree = "<group>";
		};
		2BA8A5BA2B54422E0004CDCD /* Models */ = {
			isa = PBXGroup;
			children = (
				2BA8A5BB2B5442380004CDCD /* LoginFetch.swift */,
				2BA8A5BE2B5442B30004CDCD /* LoginResponse.swift */,
			);
			path = Models;
			sourceTree = "<group>";
		};
		2BA8A5C02B5442DF0004CDCD /* Actions */ = {
			isa = PBXGroup;
			children = (
				2BA8A5C12B5442ED0004CDCD /* LoginAction.swift */,
			);
			path = Actions;
			sourceTree = "<group>";
		};
		2BA8A5C42B545DBB0004CDCD /* Store */ = {
			isa = PBXGroup;
			children = (
				2BA8A5C72B545DF20004CDCD /* Models */,
			);
			path = Store;
			sourceTree = "<group>";
		};
		2BA8A5C72B545DF20004CDCD /* Models */ = {
			isa = PBXGroup;
			children = (
				2BA8A5C82B545E1E0004CDCD /* UserData.swift */,
				2B0F54162B9CE07D00AEEAE3 /* PrettyPrint.swift */,
				2BA8A5C52B545DDA0004CDCD /* AppStore.swift */,
				2BA43D152B5AC88600960681 /* Authentication.swift */,
			);
			path = Models;
			sourceTree = "<group>";
		};
		2BAEE8532B59CFD700B0C16D /* Test */ = {
			isa = PBXGroup;
			children = (
				2BAEE8542B59CFEC00B0C16D /* MyTab.swift */,
				2BAEE8562B59D02900B0C16D /* TabA.swift */,
				2BAEE85A2B59D1EE00B0C16D /* TabC.swift */,
				2BAEE8582B59D1AB00B0C16D /* TabB.swift */,
			);
			path = Test;
			sourceTree = "<group>";
		};
		2BD01F292B8B93D800FCE5CB /* Managers */ = {
			isa = PBXGroup;
			children = (
				2BD01F2A2B8B93E900FCE5CB /* LeadManager.swift */,
				2BED97C82B8CFE6A0043A6F3 /* UserManager.swift */,
			);
			path = Managers;
			sourceTree = "<group>";
		};
		2BD84DAE2B56CD8700BC01C9 /* Leads */ = {
			isa = PBXGroup;
			children = (
				2BD01F292B8B93D800FCE5CB /* Managers */,
				2B5DF8FB2B7686AF002ECBAC /* ViewModels */,
				2B1CB9272B6573F4003CE11A /* Models */,
				2B0576012B61B8A100681FA0 /* Views */,
				2BD84DAF2B56CD9400BC01C9 /* Screen */,
			);
			path = Leads;
			sourceTree = "<group>";
		};
		2BD84DAF2B56CD9400BC01C9 /* Screen */ = {
			isa = PBXGroup;
			children = (
				2BD84DB02B56CDB200BC01C9 /* CreateLead.swift */,
				2BBDA2F82B90FD160073F43B /* EquitableView.swift */,
				2B3A2C042B782596003EED04 /* LeadList.swift */,
				2BCA0B7C2B7BF026006D3993 /* FilterOption.swift */,
				2BB966CD2B8BED73007E1442 /* PP.swift */,
			);
			path = Screen;
			sourceTree = "<group>";
		};
		2BD84DB22B572F0700BC01C9 /* SplashScreen */ = {
			isa = PBXGroup;
			children = (
				2BD84DB32B572F1700BC01C9 /* Screen */,
			);
			path = SplashScreen;
			sourceTree = "<group>";
		};
		2BD84DB32B572F1700BC01C9 /* Screen */ = {
			isa = PBXGroup;
			children = (
				2BD84DB42B572F3100BC01C9 /* SplashScreen.swift */,
			);
			path = Screen;
			sourceTree = "<group>";
		};
		2BE1EFF72B69A5AA00D51888 /* Views */ = {
			isa = PBXGroup;
			children = (
				2BE1EFF82B69A5B900D51888 /* MapIconView2.swift */,
				2BEC71EF2BB06C56009BF4E0 /* DraggableView.swift */,
				2BF6BE0B2B72C0FE0016FB39 /* PathOptionView.swift */,
			);
			path = Views;
			sourceTree = "<group>";
		};
/* End PBXGroup section */

/* Begin PBXNativeTarget section */
		2BA8A5602B541C0C0004CDCD /* AquaFeel */ = {
			isa = PBXNativeTarget;
			buildConfigurationList = 2BA8A56F2B541C0D0004CDCD /* Build configuration list for PBXNativeTarget "AquaFeel" */;
			buildPhases = (
				2BA8A55D2B541C0C0004CDCD /* Sources */,
				2BA8A55E2B541C0C0004CDCD /* Frameworks */,
				2BA8A55F2B541C0C0004CDCD /* Resources */,
				2BA8A57C2B541CF70004CDCD /* Embed Frameworks */,
			);
			buildRules = (
			);
			dependencies = (
			);
			name = AquaFeel;
			productName = AquaFeel;
			productReference = 2BA8A5612B541C0C0004CDCD /* AquaFeel.app */;
			productType = "com.apple.product-type.application";
		};
/* End PBXNativeTarget section */

/* Begin PBXProject section */
		2BA8A5592B541C0C0004CDCD /* Project object */ = {
			isa = PBXProject;
			attributes = {
				BuildIndependentTargetsInParallel = 1;
				LastSwiftUpdateCheck = 1510;
				LastUpgradeCheck = 1520;
				TargetAttributes = {
					2BA8A5602B541C0C0004CDCD = {
						CreatedOnToolsVersion = 15.1;
					};
				};
			};
			buildConfigurationList = 2BA8A55C2B541C0C0004CDCD /* Build configuration list for PBXProject "AquaFeel" */;
			compatibilityVersion = "Xcode 14.0";
			developmentRegion = en;
			hasScannedForEncodings = 0;
			knownRegions = (
				en,
				Base,
				"es-419",
			);
			mainGroup = 2BA8A5582B541C0C0004CDCD;
			productRefGroup = 2BA8A5622B541C0C0004CDCD /* Products */;
			projectDirPath = "";
			projectRoot = "";
			targets = (
				2BA8A5602B541C0C0004CDCD /* AquaFeel */,
			);
		};
/* End PBXProject section */

/* Begin PBXResourcesBuildPhase section */
		2BA8A55F2B541C0C0004CDCD /* Resources */ = {
			isa = PBXResourcesBuildPhase;
			buildActionMask = 2147483647;
			files = (
				2BA8A57E2B541D020004CDCD /* GoogleMaps.bundle in Resources */,
				2BA8A56C2B541C0D0004CDCD /* Preview Assets.xcassets in Resources */,
				2BA8A5A62B5432990004CDCD /* Localizable.xcstrings in Resources */,
				2B8A8E592B582EAA00E8533F /* Launch Screen.storyboard in Resources */,
				2BA8A5692B541C0D0004CDCD /* Assets.xcassets in Resources */,
			);
			runOnlyForDeploymentPostprocessing = 0;
		};
/* End PBXResourcesBuildPhase section */

/* Begin PBXSourcesBuildPhase section */
		2BA8A55D2B541C0C0004CDCD /* Sources */ = {
			isa = PBXSourcesBuildPhase;
			buildActionMask = 2147483647;
			files = (
				2B1CB9262B6540A7003CE11A /* UIViewTest.swift in Sources */,
				2B0F54172B9CE07D00AEEAE3 /* PrettyPrint.swift in Sources */,
				2B54BACE2B9E2E7400733E90 /* LoginProtocol.swift in Sources */,
				2B526FA72B7D2A740024A578 /* UserModel.swift in Sources */,
				2BA8A5A02B541EE70004CDCD /* AppDelegate.swift in Sources */,
				2BAEE85B2B59D1EE00B0C16D /* TabC.swift in Sources */,
				2BA8A5C62B545DDA0004CDCD /* AppStore.swift in Sources */,
				2BE1EFFB2B69BB4E00D51888 /* Circle.swift in Sources */,
				2BE1EFF62B6988DA00D51888 /* LoginScreen.swift in Sources */,
				2BED59C02B85549A0094CD7E /* AddressSelector.swift in Sources */,
				2B98C2C72B9E68230024FB2D /* LeadViewModel.swift in Sources */,
				2BA8A5A42B54327A0004CDCD /* Test.swift in Sources */,
				2B4713172B842D9D0020D66F /* testUI.swift in Sources */,
				2B75B34E2B5F24C000BDD12C /* ProfileView.swift in Sources */,
				2BA8A5C22B5442ED0004CDCD /* LoginAction.swift in Sources */,
				2BAEE8552B59CFEC00B0C16D /* MyTab.swift in Sources */,
				2B3697EC2B87EDDE008B339B /* SnackbarView.swift in Sources */,
				2B0F54152B9CB65400AEEAE3 /* UnknowJson.swift in Sources */,
				2B5DF8FD2B7686CD002ECBAC /* PlaceViewModel.swift in Sources */,
				2BEC721B2BB09698009BF4E0 /* RouteController.swift in Sources */,
				2BA43D1C2B5B322300960681 /* Test3.swift in Sources */,
				2B75B3482B5F1AE000BDD12C /* SettingView.swift in Sources */,
				2B693A5C2BAA43010048B6A5 /* AquaCalendar.swift in Sources */,
				2BBDA2F92B90FD160073F43B /* EquitableView.swift in Sources */,
				2BA8A5C92B545E1E0004CDCD /* UserData.swift in Sources */,
				2B6EE6D32B9F88DB00FAFED7 /* Route.swift in Sources */,
				2B725BF42B76C5BA00B3143F /* AddressView.swift in Sources */,
				2B3A2C052B782596003EED04 /* LeadList.swift in Sources */,
				2B3502392B97A10E00190FAC /* PhoneView.swift in Sources */,
				2B75B3462B5F07A300BDD12C /* MainScreen.swift in Sources */,
				2B217BFE2BABA7EC0055F1D4 /* LeadsManager.swift in Sources */,
				2BED97C92B8CFE6A0043A6F3 /* UserManager.swift in Sources */,
				2BD84DB12B56CDB200BC01C9 /* CreateLead.swift in Sources */,
				2BA8A5B92B5441EE0004CDCD /* LoginViewModel.swift in Sources */,
				2BAEE8572B59D02900B0C16D /* TabA.swift in Sources */,
				2BCA0B7D2B7BF026006D3993 /* FilterOption.swift in Sources */,
				2B5811002B683C9E00B48A88 /* MapViewController.swift in Sources */,
				2BD84DB52B572F3100BC01C9 /* SplashScreen.swift in Sources */,
				2BD01F2B2B8B93E900FCE5CB /* LeadManager.swift in Sources */,
				2BA94E6D2B7152E50004C446 /* MapMenuViewController1.swift in Sources */,
				2BA43D162B5AC88600960681 /* Authentication.swift in Sources */,
				2BA8A5672B541C0C0004CDCD /* ContentView.swift in Sources */,
				2BA8A5652B541C0C0004CDCD /* AquaFeelApp.swift in Sources */,
				2B5B39372B60253900AF65B2 /* RouteViewX.swift in Sources */,
				2BA8A5BC2B5442380004CDCD /* LoginFetch.swift in Sources */,
				2B5DF8FF2B7687A8002ECBAC /* PlaceManager.swift in Sources */,
				2BB966CE2B8BED73007E1442 /* PP.swift in Sources */,
				2BA484762B9A2FB300247BD0 /* RegistrationView.swift in Sources */,
				2B3F34B02BA21A2E00BAF52D /* AppointmentManager.swift in Sources */,
				2BEC721D2BB0D6D8009BF4E0 /* DirectionModel.swift in Sources */,
				2B5793B72B9B861200E907E9 /* PassEdit.swift in Sources */,
				2BC6CCED2B9F9CF600C7DA19 /* RouteListView.swift in Sources */,
				2BA43D142B5AC76100960681 /* HomeScreen.swift in Sources */,
				2B0576032B61B8BD00681FA0 /* LeadStatus.swift in Sources */,
				2B3F34B62BA2448600BAF52D /* CalendarView.swift in Sources */,
				2BE1EFF92B69A5B900D51888 /* MapIconView2.swift in Sources */,
				2BA94E6B2B71265B0004C446 /* DragDropGestureRecognizer.swift in Sources */,
				2BA43D1A2B5B305300960681 /* LoginView.swift in Sources */,
				2BED59BE2B8552A20094CD7E /* RouteView.swift in Sources */,
				2B3F34B42BA21F2800BAF52D /* AppointmentList.swift in Sources */,
				2B6261CE2B86387200E7DF17 /* LeadDetailView.swift in Sources */,
				2B526FA32B7CFCDC0024A578 /* MainAppScreen.swift in Sources */,
				2B06D2E32B69749D00B401FB /* CustomTextView.swift in Sources */,
				2B5793B52B9B856300E907E9 /* ProfileEdit.swift in Sources */,
				2B06E8AF2BA3D0FE001C138F /* TestGitHUB.swift in Sources */,
				2BF6BE0C2B72C0FE0016FB39 /* PathOptionView.swift in Sources */,
				2BA8A5BF2B5442B30004CDCD /* LoginResponse.swift in Sources */,
				2B1CB9292B657422003CE11A /* LeadModel.swift in Sources */,
				2B6EE6D52B9F8BE800FAFED7 /* RouteManager.swift in Sources */,
				2B0FB8672B758B1C005FD5A8 /* AddressViewPrevies.swift in Sources */,
				2BAEE8592B59D1AB00B0C16D /* TabB.swift in Sources */,
				2B5810FB2B682B2C00B48A88 /* MapScreen.swift in Sources */,
				2BEC71F02BB06C56009BF4E0 /* DraggableView.swift in Sources */,
				2B75B3512B5F2D8E00BDD12C /* PassView.swift in Sources */,
				2B3BFC002B5C1F3C00069F99 /* ProfileManager.swift in Sources */,
				2B0FB8652B758AC0005FD5A8 /* AddressViewModel.swift in Sources */,
				2BA8A5B62B5441AB0004CDCD /* LoginScreen3.swift in Sources */,
				2B4713152B84213B0020D66F /* Draw.swift in Sources */,
			);
			runOnlyForDeploymentPostprocessing = 0;
		};
/* End PBXSourcesBuildPhase section */

/* Begin XCBuildConfiguration section */
		2BA8A56D2B541C0D0004CDCD /* Debug */ = {
			isa = XCBuildConfiguration;
			buildSettings = {
				ALWAYS_SEARCH_USER_PATHS = NO;
				ASSETCATALOG_COMPILER_GENERATE_SWIFT_ASSET_SYMBOL_EXTENSIONS = YES;
				CLANG_ANALYZER_LOCALIZABILITY_NONLOCALIZED = YES;
				CLANG_ANALYZER_NONNULL = YES;
				CLANG_ANALYZER_NUMBER_OBJECT_CONVERSION = YES_AGGRESSIVE;
				CLANG_CXX_LANGUAGE_STANDARD = "gnu++20";
				CLANG_ENABLE_MODULES = YES;
				CLANG_ENABLE_OBJC_ARC = YES;
				CLANG_ENABLE_OBJC_WEAK = YES;
				CLANG_WARN_BLOCK_CAPTURE_AUTORELEASING = YES;
				CLANG_WARN_BOOL_CONVERSION = YES;
				CLANG_WARN_COMMA = YES;
				CLANG_WARN_CONSTANT_CONVERSION = YES;
				CLANG_WARN_DEPRECATED_OBJC_IMPLEMENTATIONS = YES;
				CLANG_WARN_DIRECT_OBJC_ISA_USAGE = YES_ERROR;
				CLANG_WARN_DOCUMENTATION_COMMENTS = YES;
				CLANG_WARN_EMPTY_BODY = YES;
				CLANG_WARN_ENUM_CONVERSION = YES;
				CLANG_WARN_INFINITE_RECURSION = YES;
				CLANG_WARN_INT_CONVERSION = YES;
				CLANG_WARN_NON_LITERAL_NULL_CONVERSION = YES;
				CLANG_WARN_OBJC_IMPLICIT_RETAIN_SELF = YES;
				CLANG_WARN_OBJC_LITERAL_CONVERSION = YES;
				CLANG_WARN_OBJC_ROOT_CLASS = YES_ERROR;
				CLANG_WARN_QUOTED_INCLUDE_IN_FRAMEWORK_HEADER = YES;
				CLANG_WARN_RANGE_LOOP_ANALYSIS = YES;
				CLANG_WARN_STRICT_PROTOTYPES = YES;
				CLANG_WARN_SUSPICIOUS_MOVE = YES;
				CLANG_WARN_UNGUARDED_AVAILABILITY = YES_AGGRESSIVE;
				CLANG_WARN_UNREACHABLE_CODE = YES;
				CLANG_WARN__DUPLICATE_METHOD_MATCH = YES;
				COPY_PHASE_STRIP = NO;
				DEBUG_INFORMATION_FORMAT = dwarf;
				ENABLE_STRICT_OBJC_MSGSEND = YES;
				ENABLE_TESTABILITY = YES;
				ENABLE_USER_SCRIPT_SANDBOXING = YES;
				GCC_C_LANGUAGE_STANDARD = gnu17;
				GCC_DYNAMIC_NO_PIC = NO;
				GCC_NO_COMMON_BLOCKS = YES;
				GCC_OPTIMIZATION_LEVEL = 0;
				GCC_PREPROCESSOR_DEFINITIONS = (
					"DEBUG=1",
					"$(inherited)",
				);
				GCC_WARN_64_TO_32_BIT_CONVERSION = YES;
				GCC_WARN_ABOUT_RETURN_TYPE = YES_ERROR;
				GCC_WARN_UNDECLARED_SELECTOR = YES;
				GCC_WARN_UNINITIALIZED_AUTOS = YES_AGGRESSIVE;
				GCC_WARN_UNUSED_FUNCTION = YES;
				GCC_WARN_UNUSED_VARIABLE = YES;
				"INFOPLIST_FILE[sdk=*]" = "";
				IPHONEOS_DEPLOYMENT_TARGET = 17.2;
				LOCALIZATION_PREFERS_STRING_CATALOGS = YES;
				MTL_ENABLE_DEBUG_INFO = INCLUDE_SOURCE;
				MTL_FAST_MATH = YES;
				ONLY_ACTIVE_ARCH = YES;
				SDKROOT = iphoneos;
				SWIFT_ACTIVE_COMPILATION_CONDITIONS = "DEBUG $(inherited)";
				SWIFT_OPTIMIZATION_LEVEL = "-Onone";
			};
			name = Debug;
		};
		2BA8A56E2B541C0D0004CDCD /* Release */ = {
			isa = XCBuildConfiguration;
			buildSettings = {
				ALWAYS_SEARCH_USER_PATHS = NO;
				ASSETCATALOG_COMPILER_GENERATE_SWIFT_ASSET_SYMBOL_EXTENSIONS = YES;
				CLANG_ANALYZER_LOCALIZABILITY_NONLOCALIZED = YES;
				CLANG_ANALYZER_NONNULL = YES;
				CLANG_ANALYZER_NUMBER_OBJECT_CONVERSION = YES_AGGRESSIVE;
				CLANG_CXX_LANGUAGE_STANDARD = "gnu++20";
				CLANG_ENABLE_MODULES = YES;
				CLANG_ENABLE_OBJC_ARC = YES;
				CLANG_ENABLE_OBJC_WEAK = YES;
				CLANG_WARN_BLOCK_CAPTURE_AUTORELEASING = YES;
				CLANG_WARN_BOOL_CONVERSION = YES;
				CLANG_WARN_COMMA = YES;
				CLANG_WARN_CONSTANT_CONVERSION = YES;
				CLANG_WARN_DEPRECATED_OBJC_IMPLEMENTATIONS = YES;
				CLANG_WARN_DIRECT_OBJC_ISA_USAGE = YES_ERROR;
				CLANG_WARN_DOCUMENTATION_COMMENTS = YES;
				CLANG_WARN_EMPTY_BODY = YES;
				CLANG_WARN_ENUM_CONVERSION = YES;
				CLANG_WARN_INFINITE_RECURSION = YES;
				CLANG_WARN_INT_CONVERSION = YES;
				CLANG_WARN_NON_LITERAL_NULL_CONVERSION = YES;
				CLANG_WARN_OBJC_IMPLICIT_RETAIN_SELF = YES;
				CLANG_WARN_OBJC_LITERAL_CONVERSION = YES;
				CLANG_WARN_OBJC_ROOT_CLASS = YES_ERROR;
				CLANG_WARN_QUOTED_INCLUDE_IN_FRAMEWORK_HEADER = YES;
				CLANG_WARN_RANGE_LOOP_ANALYSIS = YES;
				CLANG_WARN_STRICT_PROTOTYPES = YES;
				CLANG_WARN_SUSPICIOUS_MOVE = YES;
				CLANG_WARN_UNGUARDED_AVAILABILITY = YES_AGGRESSIVE;
				CLANG_WARN_UNREACHABLE_CODE = YES;
				CLANG_WARN__DUPLICATE_METHOD_MATCH = YES;
				COPY_PHASE_STRIP = NO;
				DEBUG_INFORMATION_FORMAT = "dwarf-with-dsym";
				ENABLE_NS_ASSERTIONS = NO;
				ENABLE_STRICT_OBJC_MSGSEND = YES;
				ENABLE_USER_SCRIPT_SANDBOXING = YES;
				GCC_C_LANGUAGE_STANDARD = gnu17;
				GCC_NO_COMMON_BLOCKS = YES;
				GCC_WARN_64_TO_32_BIT_CONVERSION = YES;
				GCC_WARN_ABOUT_RETURN_TYPE = YES_ERROR;
				GCC_WARN_UNDECLARED_SELECTOR = YES;
				GCC_WARN_UNINITIALIZED_AUTOS = YES_AGGRESSIVE;
				GCC_WARN_UNUSED_FUNCTION = YES;
				GCC_WARN_UNUSED_VARIABLE = YES;
				IPHONEOS_DEPLOYMENT_TARGET = 17.2;
				LOCALIZATION_PREFERS_STRING_CATALOGS = YES;
				MTL_ENABLE_DEBUG_INFO = NO;
				MTL_FAST_MATH = YES;
				SDKROOT = iphoneos;
				SWIFT_COMPILATION_MODE = wholemodule;
				VALIDATE_PRODUCT = YES;
			};
			name = Release;
		};
		2BA8A5702B541C0D0004CDCD /* Debug */ = {
			isa = XCBuildConfiguration;
			buildSettings = {
				ASSETCATALOG_COMPILER_APPICON_NAME = AppIcon;
				ASSETCATALOG_COMPILER_GLOBAL_ACCENT_COLOR_NAME = AccentColor;
				ASSETCATALOG_COMPILER_INCLUDE_ALL_APPICON_ASSETS = NO;
				CODE_SIGN_IDENTITY = "Apple Development";
				CODE_SIGN_STYLE = Automatic;
				CURRENT_PROJECT_VERSION = 1;
				DEVELOPMENT_ASSET_PATHS = "\"AquaFeel/Preview Content\"";
				DEVELOPMENT_TEAM = 87NW59Y36Q;
				ENABLE_PREVIEWS = YES;
				FRAMEWORK_SEARCH_PATHS = (
					"$(inherited)",
					"$(PROJECT_DIR)",
				);
				GENERATE_INFOPLIST_FILE = YES;
				INFOPLIST_FILE = AquaFeel/Info.plist;
				INFOPLIST_KEY_LSApplicationCategoryType = "";
				INFOPLIST_KEY_NSAppleMusicUsageDescription = "we need to do call";
				INFOPLIST_KEY_NSContactsUsageDescription = "The app needs access contacts to convert";
				INFOPLIST_KEY_NSLocationAlwaysUsageDescription = "i need you location ";
				INFOPLIST_KEY_NSLocationWhenInUseUsageDescription = Important;
				INFOPLIST_KEY_UIApplicationSceneManifest_Generation = YES;
				INFOPLIST_KEY_UIApplicationSupportsIndirectInputEvents = YES;
				INFOPLIST_KEY_UILaunchScreen_Generation = YES;
				INFOPLIST_KEY_UILaunchStoryboardName = "Launch Screen.storyboard";
				INFOPLIST_KEY_UISupportedInterfaceOrientations_iPad = "UIInterfaceOrientationPortrait UIInterfaceOrientationPortraitUpsideDown UIInterfaceOrientationLandscapeLeft UIInterfaceOrientationLandscapeRight";
				INFOPLIST_KEY_UISupportedInterfaceOrientations_iPhone = "UIInterfaceOrientationPortrait UIInterfaceOrientationLandscapeLeft UIInterfaceOrientationLandscapeRight";
				IPHONEOS_DEPLOYMENT_TARGET = 16.4;
				LD_RUNPATH_SEARCH_PATHS = (
					"$(inherited)",
					"@executable_path/Frameworks",
				);
				MARKETING_VERSION = 2.0;
				"OTHER_LDFLAGS[arch=*]" = "-ObjC";
				PRODUCT_BUNDLE_IDENTIFIER = aquafeelvirginia.com.AquaFeel;
				PRODUCT_NAME = "$(TARGET_NAME)";
				PROVISIONING_PROFILE_SPECIFIER = "";
				SWIFT_EMIT_LOC_STRINGS = YES;
				SWIFT_VERSION = 5.0;
				TARGETED_DEVICE_FAMILY = "1,2";
			};
			name = Debug;
		};
		2BA8A5712B541C0D0004CDCD /* Release */ = {
			isa = XCBuildConfiguration;
			buildSettings = {
				ASSETCATALOG_COMPILER_APPICON_NAME = AppIcon;
				ASSETCATALOG_COMPILER_GLOBAL_ACCENT_COLOR_NAME = AccentColor;
				ASSETCATALOG_COMPILER_INCLUDE_ALL_APPICON_ASSETS = NO;
				CODE_SIGN_IDENTITY = "Apple Development";
				CODE_SIGN_STYLE = Automatic;
				CURRENT_PROJECT_VERSION = 1;
				DEVELOPMENT_ASSET_PATHS = "\"AquaFeel/Preview Content\"";
				DEVELOPMENT_TEAM = 87NW59Y36Q;
				ENABLE_PREVIEWS = YES;
				FRAMEWORK_SEARCH_PATHS = (
					"$(inherited)",
					"$(PROJECT_DIR)",
				);
				GENERATE_INFOPLIST_FILE = YES;
				INFOPLIST_FILE = AquaFeel/Info.plist;
				INFOPLIST_KEY_LSApplicationCategoryType = "";
				INFOPLIST_KEY_NSAppleMusicUsageDescription = "we need to do call";
				INFOPLIST_KEY_NSContactsUsageDescription = "The app needs access contacts to convert";
				INFOPLIST_KEY_NSLocationAlwaysUsageDescription = "i need you location ";
				INFOPLIST_KEY_NSLocationWhenInUseUsageDescription = Important;
				INFOPLIST_KEY_UIApplicationSceneManifest_Generation = YES;
				INFOPLIST_KEY_UIApplicationSupportsIndirectInputEvents = YES;
				INFOPLIST_KEY_UILaunchScreen_Generation = YES;
				INFOPLIST_KEY_UILaunchStoryboardName = "Launch Screen.storyboard";
				INFOPLIST_KEY_UISupportedInterfaceOrientations_iPad = "UIInterfaceOrientationPortrait UIInterfaceOrientationPortraitUpsideDown UIInterfaceOrientationLandscapeLeft UIInterfaceOrientationLandscapeRight";
				INFOPLIST_KEY_UISupportedInterfaceOrientations_iPhone = "UIInterfaceOrientationPortrait UIInterfaceOrientationLandscapeLeft UIInterfaceOrientationLandscapeRight";
				IPHONEOS_DEPLOYMENT_TARGET = 16.4;
				LD_RUNPATH_SEARCH_PATHS = (
					"$(inherited)",
					"@executable_path/Frameworks",
				);
				MARKETING_VERSION = 2.0;
				"OTHER_LDFLAGS[arch=*]" = "-ObjC";
				PRODUCT_BUNDLE_IDENTIFIER = aquafeelvirginia.com.AquaFeel;
				PRODUCT_NAME = "$(TARGET_NAME)";
				PROVISIONING_PROFILE_SPECIFIER = "";
				SWIFT_EMIT_LOC_STRINGS = YES;
				SWIFT_VERSION = 5.0;
				TARGETED_DEVICE_FAMILY = "1,2";
			};
			name = Release;
		};
/* End XCBuildConfiguration section */

/* Begin XCConfigurationList section */
		2BA8A55C2B541C0C0004CDCD /* Build configuration list for PBXProject "AquaFeel" */ = {
			isa = XCConfigurationList;
			buildConfigurations = (
				2BA8A56D2B541C0D0004CDCD /* Debug */,
				2BA8A56E2B541C0D0004CDCD /* Release */,
			);
			defaultConfigurationIsVisible = 0;
			defaultConfigurationName = Release;
		};
		2BA8A56F2B541C0D0004CDCD /* Build configuration list for PBXNativeTarget "AquaFeel" */ = {
			isa = XCConfigurationList;
			buildConfigurations = (
				2BA8A5702B541C0D0004CDCD /* Debug */,
				2BA8A5712B541C0D0004CDCD /* Release */,
			);
			defaultConfigurationIsVisible = 0;
			defaultConfigurationName = Release;
		};
/* End XCConfigurationList section */
	};
	rootObject = 2BA8A5592B541C0C0004CDCD /* Project object */;
}
